// !$*UTF8*$!
{
	archiveVersion = 1;
	classes = {
	};
	objectVersion = 46;
	objects = {

/* Begin PBXBuildFile section */
		5F8FE68B248A386200C07D5D /* DYTestModel.m in Sources */ = {isa = PBXBuildFile; fileRef = 5F8FE689248A386200C07D5D /* DYTestModel.m */; };
		5F8FE6D6248A3DD500C07D5D /* ZYDeviceTool.m in Sources */ = {isa = PBXBuildFile; fileRef = 5F8FE68F248A3DD400C07D5D /* ZYDeviceTool.m */; };
		5F8FE6D7248A3DD500C07D5D /* ZYPermissionTool.m in Sources */ = {isa = PBXBuildFile; fileRef = 5F8FE692248A3DD400C07D5D /* ZYPermissionTool.m */; };
		5F8FE6D8248A3DD500C07D5D /* ZYPermissionSetting.m in Sources */ = {isa = PBXBuildFile; fileRef = 5F8FE693248A3DD400C07D5D /* ZYPermissionSetting.m */; };
		5F8FE6D9248A3DD500C07D5D /* ZYLogTool.m in Sources */ = {isa = PBXBuildFile; fileRef = 5F8FE699248A3DD400C07D5D /* ZYLogTool.m */; };
		5F8FE6DA248A3DD500C07D5D /* ZYPlaceHolderTextView.m in Sources */ = {isa = PBXBuildFile; fileRef = 5F8FE69B248A3DD400C07D5D /* ZYPlaceHolderTextView.m */; };
		5F8FE6DB248A3DD500C07D5D /* ZYKeyboardTool.m in Sources */ = {isa = PBXBuildFile; fileRef = 5F8FE69C248A3DD400C07D5D /* ZYKeyboardTool.m */; };
		5F8FE6DC248A3DD500C07D5D /* ZYValidateTextView.m in Sources */ = {isa = PBXBuildFile; fileRef = 5F8FE69D248A3DD400C07D5D /* ZYValidateTextView.m */; };
		5F8FE6DD248A3DD500C07D5D /* ZYPathTool.m in Sources */ = {isa = PBXBuildFile; fileRef = 5F8FE6A8248A3DD400C07D5D /* ZYPathTool.m */; };
		5F8FE6DE248A3DD500C07D5D /* ZYLanguageTool.m in Sources */ = {isa = PBXBuildFile; fileRef = 5F8FE6AC248A3DD400C07D5D /* ZYLanguageTool.m */; };
		5F8FE6DF248A3DD500C07D5D /* ZYFileTool.m in Sources */ = {isa = PBXBuildFile; fileRef = 5F8FE6AE248A3DD400C07D5D /* ZYFileTool.m */; };
		5F8FE6E0248A3DD500C07D5D /* NSObject+Additions.m in Sources */ = {isa = PBXBuildFile; fileRef = 5F8FE6B1248A3DD400C07D5D /* NSObject+Additions.m */; };
		5F8FE6E1248A3DD500C07D5D /* UIColor+ZYDarkColor.m in Sources */ = {isa = PBXBuildFile; fileRef = 5F8FE6B2248A3DD400C07D5D /* UIColor+ZYDarkColor.m */; };
		5F8FE6E2248A3DD500C07D5D /* NSDictionary+Additions.m in Sources */ = {isa = PBXBuildFile; fileRef = 5F8FE6B3248A3DD400C07D5D /* NSDictionary+Additions.m */; };
		5F8FE6E3248A3DD500C07D5D /* UIView+Addition.m in Sources */ = {isa = PBXBuildFile; fileRef = 5F8FE6B4248A3DD400C07D5D /* UIView+Addition.m */; };
		5F8FE6E4248A3DD500C07D5D /* UITextView+WZB.m in Sources */ = {isa = PBXBuildFile; fileRef = 5F8FE6B8248A3DD400C07D5D /* UITextView+WZB.m */; };
		5F8FE6E5248A3DD500C07D5D /* UILabel+Copy.m in Sources */ = {isa = PBXBuildFile; fileRef = 5F8FE6BC248A3DD400C07D5D /* UILabel+Copy.m */; };
		5F8FE6E6248A3DD500C07D5D /* NSData+CommonCrypto.m in Sources */ = {isa = PBXBuildFile; fileRef = 5F8FE6BF248A3DD400C07D5D /* NSData+CommonCrypto.m */; };
		5F8FE6E7248A3DD500C07D5D /* NSString+Addition.m in Sources */ = {isa = PBXBuildFile; fileRef = 5F8FE6C0248A3DD400C07D5D /* NSString+Addition.m */; };
		5F8FE6E8248A3DD500C07D5D /* ZYBaseView.m in Sources */ = {isa = PBXBuildFile; fileRef = 5F8FE6C4248A3DD400C07D5D /* ZYBaseView.m */; };
		5F8FE6E9248A3DD500C07D5D /* ZYBaseViewController.m in Sources */ = {isa = PBXBuildFile; fileRef = 5F8FE6C7248A3DD400C07D5D /* ZYBaseViewController.m */; };
		5F8FE6EA248A3DD500C07D5D /* ZYBaseModel.m in Sources */ = {isa = PBXBuildFile; fileRef = 5F8FE6C9248A3DD400C07D5D /* ZYBaseModel.m */; };
		5F8FE6EB248A3DD500C07D5D /* NSObject+YYModel.m in Sources */ = {isa = PBXBuildFile; fileRef = 5F8FE6CE248A3DD500C07D5D /* NSObject+YYModel.m */; };
		5F8FE6EC248A3DD500C07D5D /* YYClassInfo.m in Sources */ = {isa = PBXBuildFile; fileRef = 5F8FE6CF248A3DD500C07D5D /* YYClassInfo.m */; };
		5F8FE6ED248A3DD500C07D5D /* TestModel.m in Sources */ = {isa = PBXBuildFile; fileRef = 5F8FE6D1248A3DD500C07D5D /* TestModel.m */; };
		5F8FE6EE248A3DD500C07D5D /* ZYBasePresenter.m in Sources */ = {isa = PBXBuildFile; fileRef = 5F8FE6D4248A3DD500C07D5D /* ZYBasePresenter.m */; };
		6003F58E195388D20070C39A /* Foundation.framework in Frameworks */ = {isa = PBXBuildFile; fileRef = 6003F58D195388D20070C39A /* Foundation.framework */; };
		6003F590195388D20070C39A /* CoreGraphics.framework in Frameworks */ = {isa = PBXBuildFile; fileRef = 6003F58F195388D20070C39A /* CoreGraphics.framework */; };
		6003F592195388D20070C39A /* UIKit.framework in Frameworks */ = {isa = PBXBuildFile; fileRef = 6003F591195388D20070C39A /* UIKit.framework */; };
		6003F598195388D20070C39A /* InfoPlist.strings in Resources */ = {isa = PBXBuildFile; fileRef = 6003F596195388D20070C39A /* InfoPlist.strings */; };
		6003F59A195388D20070C39A /* main.m in Sources */ = {isa = PBXBuildFile; fileRef = 6003F599195388D20070C39A /* main.m */; };
		6003F59E195388D20070C39A /* ZYAppDelegate.m in Sources */ = {isa = PBXBuildFile; fileRef = 6003F59D195388D20070C39A /* ZYAppDelegate.m */; };
		6003F5A7195388D20070C39A /* ZYViewController.m in Sources */ = {isa = PBXBuildFile; fileRef = 6003F5A6195388D20070C39A /* ZYViewController.m */; };
		6003F5A9195388D20070C39A /* Images.xcassets in Resources */ = {isa = PBXBuildFile; fileRef = 6003F5A8195388D20070C39A /* Images.xcassets */; };
		6003F5B0195388D20070C39A /* XCTest.framework in Frameworks */ = {isa = PBXBuildFile; fileRef = 6003F5AF195388D20070C39A /* XCTest.framework */; };
		6003F5B1195388D20070C39A /* Foundation.framework in Frameworks */ = {isa = PBXBuildFile; fileRef = 6003F58D195388D20070C39A /* Foundation.framework */; };
		6003F5B2195388D20070C39A /* UIKit.framework in Frameworks */ = {isa = PBXBuildFile; fileRef = 6003F591195388D20070C39A /* UIKit.framework */; };
		6003F5BA195388D20070C39A /* InfoPlist.strings in Resources */ = {isa = PBXBuildFile; fileRef = 6003F5B8195388D20070C39A /* InfoPlist.strings */; };
		6003F5BC195388D20070C39A /* Tests.m in Sources */ = {isa = PBXBuildFile; fileRef = 6003F5BB195388D20070C39A /* Tests.m */; };
		71719F9F1E33DC2100824A3D /* LaunchScreen.storyboard in Resources */ = {isa = PBXBuildFile; fileRef = 71719F9D1E33DC2100824A3D /* LaunchScreen.storyboard */; };
		873B8AEB1B1F5CCA007FD442 /* Main.storyboard in Resources */ = {isa = PBXBuildFile; fileRef = 873B8AEA1B1F5CCA007FD442 /* Main.storyboard */; };
		C851D499BE24FF6652163F59 /* Pods_ZYBaseUtils_Tests.framework in Frameworks */ = {isa = PBXBuildFile; fileRef = AE84A89674BAE61B4DBB876D /* Pods_ZYBaseUtils_Tests.framework */; };
		EB533776F8029A821DEE8B1E /* Pods_ZYBaseUtils_Example.framework in Frameworks */ = {isa = PBXBuildFile; fileRef = F9C019AAAC42CE068CD29D96 /* Pods_ZYBaseUtils_Example.framework */; };
/* End PBXBuildFile section */

/* Begin PBXContainerItemProxy section */
		6003F5B3195388D20070C39A /* PBXContainerItemProxy */ = {
			isa = PBXContainerItemProxy;
			containerPortal = 6003F582195388D10070C39A /* Project object */;
			proxyType = 1;
			remoteGlobalIDString = 6003F589195388D20070C39A;
			remoteInfo = ZYBaseUtils;
		};
/* End PBXContainerItemProxy section */

/* Begin PBXFileReference section */
		1CEBCAD3EB75252B9EDE5F2B /* Pods-ZYBaseUtils_Example.debug.xcconfig */ = {isa = PBXFileReference; includeInIndex = 1; lastKnownFileType = text.xcconfig; name = "Pods-ZYBaseUtils_Example.debug.xcconfig"; path = "Target Support Files/Pods-ZYBaseUtils_Example/Pods-ZYBaseUtils_Example.debug.xcconfig"; sourceTree = "<group>"; };
		24FF6630D9011F0C0136CADC /* Pods-ZYBaseUtils_Example.release.xcconfig */ = {isa = PBXFileReference; includeInIndex = 1; lastKnownFileType = text.xcconfig; name = "Pods-ZYBaseUtils_Example.release.xcconfig"; path = "Target Support Files/Pods-ZYBaseUtils_Example/Pods-ZYBaseUtils_Example.release.xcconfig"; sourceTree = "<group>"; };
		430A2F7B47FE2F3638FADAA6 /* Pods-ZYBaseUtils_Tests.release.xcconfig */ = {isa = PBXFileReference; includeInIndex = 1; lastKnownFileType = text.xcconfig; name = "Pods-ZYBaseUtils_Tests.release.xcconfig"; path = "Target Support Files/Pods-ZYBaseUtils_Tests/Pods-ZYBaseUtils_Tests.release.xcconfig"; sourceTree = "<group>"; };
		57C93B8CAE9045EC51AC71ED /* ZYBaseUtils.podspec */ = {isa = PBXFileReference; includeInIndex = 1; lastKnownFileType = text; name = ZYBaseUtils.podspec; path = ../ZYBaseUtils.podspec; sourceTree = "<group>"; };
		5F8FE689248A386200C07D5D /* DYTestModel.m */ = {isa = PBXFileReference; fileEncoding = 4; lastKnownFileType = sourcecode.c.objc; path = DYTestModel.m; sourceTree = "<group>"; };
		5F8FE68A248A386200C07D5D /* DYTestModel.h */ = {isa = PBXFileReference; fileEncoding = 4; lastKnownFileType = sourcecode.c.h; path = DYTestModel.h; sourceTree = "<group>"; };
		5F8FE68F248A3DD400C07D5D /* ZYDeviceTool.m */ = {isa = PBXFileReference; fileEncoding = 4; lastKnownFileType = sourcecode.c.objc; path = ZYDeviceTool.m; sourceTree = "<group>"; };
		5F8FE690248A3DD400C07D5D /* ZYDeviceTool.h */ = {isa = PBXFileReference; fileEncoding = 4; lastKnownFileType = sourcecode.c.h; path = ZYDeviceTool.h; sourceTree = "<group>"; };
		5F8FE692248A3DD400C07D5D /* ZYPermissionTool.m */ = {isa = PBXFileReference; fileEncoding = 4; lastKnownFileType = sourcecode.c.objc; path = ZYPermissionTool.m; sourceTree = "<group>"; };
		5F8FE693248A3DD400C07D5D /* ZYPermissionSetting.m */ = {isa = PBXFileReference; fileEncoding = 4; lastKnownFileType = sourcecode.c.objc; path = ZYPermissionSetting.m; sourceTree = "<group>"; };
		5F8FE694248A3DD400C07D5D /* ZYPremissionConstant.h */ = {isa = PBXFileReference; fileEncoding = 4; lastKnownFileType = sourcecode.c.h; path = ZYPremissionConstant.h; sourceTree = "<group>"; };
		5F8FE695248A3DD400C07D5D /* ZYPermissionTool.h */ = {isa = PBXFileReference; fileEncoding = 4; lastKnownFileType = sourcecode.c.h; path = ZYPermissionTool.h; sourceTree = "<group>"; };
		5F8FE696248A3DD400C07D5D /* ZYPermissionSetting.h */ = {isa = PBXFileReference; fileEncoding = 4; lastKnownFileType = sourcecode.c.h; path = ZYPermissionSetting.h; sourceTree = "<group>"; };
		5F8FE698248A3DD400C07D5D /* ZYLogTool.h */ = {isa = PBXFileReference; fileEncoding = 4; lastKnownFileType = sourcecode.c.h; path = ZYLogTool.h; sourceTree = "<group>"; };
		5F8FE699248A3DD400C07D5D /* ZYLogTool.m */ = {isa = PBXFileReference; fileEncoding = 4; lastKnownFileType = sourcecode.c.objc; path = ZYLogTool.m; sourceTree = "<group>"; };
		5F8FE69B248A3DD400C07D5D /* ZYPlaceHolderTextView.m */ = {isa = PBXFileReference; fileEncoding = 4; lastKnownFileType = sourcecode.c.objc; path = ZYPlaceHolderTextView.m; sourceTree = "<group>"; };
		5F8FE69C248A3DD400C07D5D /* ZYKeyboardTool.m */ = {isa = PBXFileReference; fileEncoding = 4; lastKnownFileType = sourcecode.c.objc; path = ZYKeyboardTool.m; sourceTree = "<group>"; };
		5F8FE69D248A3DD400C07D5D /* ZYValidateTextView.m */ = {isa = PBXFileReference; fileEncoding = 4; lastKnownFileType = sourcecode.c.objc; path = ZYValidateTextView.m; sourceTree = "<group>"; };
		5F8FE69E248A3DD400C07D5D /* ZYKeyboardTool.h */ = {isa = PBXFileReference; fileEncoding = 4; lastKnownFileType = sourcecode.c.h; path = ZYKeyboardTool.h; sourceTree = "<group>"; };
		5F8FE69F248A3DD400C07D5D /* ZYPlaceHolderTextView.h */ = {isa = PBXFileReference; fileEncoding = 4; lastKnownFileType = sourcecode.c.h; path = ZYPlaceHolderTextView.h; sourceTree = "<group>"; };
		5F8FE6A0248A3DD400C07D5D /* ZYValidateTextView.h */ = {isa = PBXFileReference; fileEncoding = 4; lastKnownFileType = sourcecode.c.h; path = ZYValidateTextView.h; sourceTree = "<group>"; };
		5F8FE6A2248A3DD400C07D5D /* ZYColorDefine.h */ = {isa = PBXFileReference; fileEncoding = 4; lastKnownFileType = sourcecode.c.h; path = ZYColorDefine.h; sourceTree = "<group>"; };
		5F8FE6A3248A3DD400C07D5D /* ZYFontDefine.h */ = {isa = PBXFileReference; fileEncoding = 4; lastKnownFileType = sourcecode.c.h; path = ZYFontDefine.h; sourceTree = "<group>"; };
		5F8FE6A4248A3DD400C07D5D /* ZYDataDefine.h */ = {isa = PBXFileReference; fileEncoding = 4; lastKnownFileType = sourcecode.c.h; path = ZYDataDefine.h; sourceTree = "<group>"; };
		5F8FE6A5248A3DD400C07D5D /* ZYEnumDefine.h */ = {isa = PBXFileReference; fileEncoding = 4; lastKnownFileType = sourcecode.c.h; path = ZYEnumDefine.h; sourceTree = "<group>"; };
		5F8FE6A6248A3DD400C07D5D /* ZYUIDefine.h */ = {isa = PBXFileReference; fileEncoding = 4; lastKnownFileType = sourcecode.c.h; path = ZYUIDefine.h; sourceTree = "<group>"; };
		5F8FE6A8248A3DD400C07D5D /* ZYPathTool.m */ = {isa = PBXFileReference; fileEncoding = 4; lastKnownFileType = sourcecode.c.objc; path = ZYPathTool.m; sourceTree = "<group>"; };
		5F8FE6A9248A3DD400C07D5D /* ZYPathTool.h */ = {isa = PBXFileReference; fileEncoding = 4; lastKnownFileType = sourcecode.c.h; path = ZYPathTool.h; sourceTree = "<group>"; };
		5F8FE6AB248A3DD400C07D5D /* ZYLanguageTool.h */ = {isa = PBXFileReference; fileEncoding = 4; lastKnownFileType = sourcecode.c.h; path = ZYLanguageTool.h; sourceTree = "<group>"; };
		5F8FE6AC248A3DD400C07D5D /* ZYLanguageTool.m */ = {isa = PBXFileReference; fileEncoding = 4; lastKnownFileType = sourcecode.c.objc; path = ZYLanguageTool.m; sourceTree = "<group>"; };
		5F8FE6AE248A3DD400C07D5D /* ZYFileTool.m */ = {isa = PBXFileReference; fileEncoding = 4; lastKnownFileType = sourcecode.c.objc; path = ZYFileTool.m; sourceTree = "<group>"; };
		5F8FE6AF248A3DD400C07D5D /* ZYFileTool.h */ = {isa = PBXFileReference; fileEncoding = 4; lastKnownFileType = sourcecode.c.h; path = ZYFileTool.h; sourceTree = "<group>"; };
		5F8FE6B1248A3DD400C07D5D /* NSObject+Additions.m */ = {isa = PBXFileReference; fileEncoding = 4; lastKnownFileType = sourcecode.c.objc; path = "NSObject+Additions.m"; sourceTree = "<group>"; };
		5F8FE6B2248A3DD400C07D5D /* UIColor+ZYDarkColor.m */ = {isa = PBXFileReference; fileEncoding = 4; lastKnownFileType = sourcecode.c.objc; path = "UIColor+ZYDarkColor.m"; sourceTree = "<group>"; };
		5F8FE6B3248A3DD400C07D5D /* NSDictionary+Additions.m */ = {isa = PBXFileReference; fileEncoding = 4; lastKnownFileType = sourcecode.c.objc; path = "NSDictionary+Additions.m"; sourceTree = "<group>"; };
		5F8FE6B4248A3DD400C07D5D /* UIView+Addition.m */ = {isa = PBXFileReference; fileEncoding = 4; lastKnownFileType = sourcecode.c.objc; path = "UIView+Addition.m"; sourceTree = "<group>"; };
		5F8FE6B5248A3DD400C07D5D /* UILabel+Copy.h */ = {isa = PBXFileReference; fileEncoding = 4; lastKnownFileType = sourcecode.c.h; path = "UILabel+Copy.h"; sourceTree = "<group>"; };
		5F8FE6B6248A3DD400C07D5D /* NSString+Addition.h */ = {isa = PBXFileReference; fileEncoding = 4; lastKnownFileType = sourcecode.c.h; path = "NSString+Addition.h"; sourceTree = "<group>"; };
		5F8FE6B7248A3DD400C07D5D /* NSData+CommonCrypto.h */ = {isa = PBXFileReference; fileEncoding = 4; lastKnownFileType = sourcecode.c.h; path = "NSData+CommonCrypto.h"; sourceTree = "<group>"; };
		5F8FE6B8248A3DD400C07D5D /* UITextView+WZB.m */ = {isa = PBXFileReference; fileEncoding = 4; lastKnownFileType = sourcecode.c.objc; path = "UITextView+WZB.m"; sourceTree = "<group>"; };
		5F8FE6B9248A3DD400C07D5D /* NSDictionary+Additions.h */ = {isa = PBXFileReference; fileEncoding = 4; lastKnownFileType = sourcecode.c.h; path = "NSDictionary+Additions.h"; sourceTree = "<group>"; };
		5F8FE6BA248A3DD400C07D5D /* UIColor+ZYDarkColor.h */ = {isa = PBXFileReference; fileEncoding = 4; lastKnownFileType = sourcecode.c.h; path = "UIColor+ZYDarkColor.h"; sourceTree = "<group>"; };
		5F8FE6BB248A3DD400C07D5D /* NSObject+Additions.h */ = {isa = PBXFileReference; fileEncoding = 4; lastKnownFileType = sourcecode.c.h; path = "NSObject+Additions.h"; sourceTree = "<group>"; };
		5F8FE6BC248A3DD400C07D5D /* UILabel+Copy.m */ = {isa = PBXFileReference; fileEncoding = 4; lastKnownFileType = sourcecode.c.objc; path = "UILabel+Copy.m"; sourceTree = "<group>"; };
		5F8FE6BD248A3DD400C07D5D /* UIView+Addition.h */ = {isa = PBXFileReference; fileEncoding = 4; lastKnownFileType = sourcecode.c.h; path = "UIView+Addition.h"; sourceTree = "<group>"; };
		5F8FE6BE248A3DD400C07D5D /* UITextView+WZB.h */ = {isa = PBXFileReference; fileEncoding = 4; lastKnownFileType = sourcecode.c.h; path = "UITextView+WZB.h"; sourceTree = "<group>"; };
		5F8FE6BF248A3DD400C07D5D /* NSData+CommonCrypto.m */ = {isa = PBXFileReference; fileEncoding = 4; lastKnownFileType = sourcecode.c.objc; path = "NSData+CommonCrypto.m"; sourceTree = "<group>"; };
		5F8FE6C0248A3DD400C07D5D /* NSString+Addition.m */ = {isa = PBXFileReference; fileEncoding = 4; lastKnownFileType = sourcecode.c.objc; path = "NSString+Addition.m"; sourceTree = "<group>"; };
		5F8FE6C3248A3DD400C07D5D /* ZYBaseView.h */ = {isa = PBXFileReference; fileEncoding = 4; lastKnownFileType = sourcecode.c.h; path = ZYBaseView.h; sourceTree = "<group>"; };
		5F8FE6C4248A3DD400C07D5D /* ZYBaseView.m */ = {isa = PBXFileReference; fileEncoding = 4; lastKnownFileType = sourcecode.c.objc; path = ZYBaseView.m; sourceTree = "<group>"; };
		5F8FE6C6248A3DD400C07D5D /* ZYBaseViewController.h */ = {isa = PBXFileReference; fileEncoding = 4; lastKnownFileType = sourcecode.c.h; path = ZYBaseViewController.h; sourceTree = "<group>"; };
		5F8FE6C7248A3DD400C07D5D /* ZYBaseViewController.m */ = {isa = PBXFileReference; fileEncoding = 4; lastKnownFileType = sourcecode.c.objc; path = ZYBaseViewController.m; sourceTree = "<group>"; };
		5F8FE6C9248A3DD400C07D5D /* ZYBaseModel.m */ = {isa = PBXFileReference; fileEncoding = 4; lastKnownFileType = sourcecode.c.objc; path = ZYBaseModel.m; sourceTree = "<group>"; };
		5F8FE6CA248A3DD400C07D5D /* TestModel.h */ = {isa = PBXFileReference; fileEncoding = 4; lastKnownFileType = sourcecode.c.h; path = TestModel.h; sourceTree = "<group>"; };
		5F8FE6CC248A3DD500C07D5D /* YYClassInfo.h */ = {isa = PBXFileReference; fileEncoding = 4; lastKnownFileType = sourcecode.c.h; path = YYClassInfo.h; sourceTree = "<group>"; };
		5F8FE6CD248A3DD500C07D5D /* YYModel.h */ = {isa = PBXFileReference; fileEncoding = 4; lastKnownFileType = sourcecode.c.h; path = YYModel.h; sourceTree = "<group>"; };
		5F8FE6CE248A3DD500C07D5D /* NSObject+YYModel.m */ = {isa = PBXFileReference; fileEncoding = 4; lastKnownFileType = sourcecode.c.objc; path = "NSObject+YYModel.m"; sourceTree = "<group>"; };
		5F8FE6CF248A3DD500C07D5D /* YYClassInfo.m */ = {isa = PBXFileReference; fileEncoding = 4; lastKnownFileType = sourcecode.c.objc; path = YYClassInfo.m; sourceTree = "<group>"; };
		5F8FE6D0248A3DD500C07D5D /* NSObject+YYModel.h */ = {isa = PBXFileReference; fileEncoding = 4; lastKnownFileType = sourcecode.c.h; path = "NSObject+YYModel.h"; sourceTree = "<group>"; };
		5F8FE6D1248A3DD500C07D5D /* TestModel.m */ = {isa = PBXFileReference; fileEncoding = 4; lastKnownFileType = sourcecode.c.objc; path = TestModel.m; sourceTree = "<group>"; };
		5F8FE6D2248A3DD500C07D5D /* ZYBaseModel.h */ = {isa = PBXFileReference; fileEncoding = 4; lastKnownFileType = sourcecode.c.h; path = ZYBaseModel.h; sourceTree = "<group>"; };
		5F8FE6D4248A3DD500C07D5D /* ZYBasePresenter.m */ = {isa = PBXFileReference; fileEncoding = 4; lastKnownFileType = sourcecode.c.objc; path = ZYBasePresenter.m; sourceTree = "<group>"; };
		5F8FE6D5248A3DD500C07D5D /* ZYBasePresenter.h */ = {isa = PBXFileReference; fileEncoding = 4; lastKnownFileType = sourcecode.c.h; path = ZYBasePresenter.h; sourceTree = "<group>"; };
		6003F58A195388D20070C39A /* ZYBaseUtils_Example.app */ = {isa = PBXFileReference; explicitFileType = wrapper.application; includeInIndex = 0; path = ZYBaseUtils_Example.app; sourceTree = BUILT_PRODUCTS_DIR; };
		6003F58D195388D20070C39A /* Foundation.framework */ = {isa = PBXFileReference; lastKnownFileType = wrapper.framework; name = Foundation.framework; path = System/Library/Frameworks/Foundation.framework; sourceTree = SDKROOT; };
		6003F58F195388D20070C39A /* CoreGraphics.framework */ = {isa = PBXFileReference; lastKnownFileType = wrapper.framework; name = CoreGraphics.framework; path = System/Library/Frameworks/CoreGraphics.framework; sourceTree = SDKROOT; };
		6003F591195388D20070C39A /* UIKit.framework */ = {isa = PBXFileReference; lastKnownFileType = wrapper.framework; name = UIKit.framework; path = System/Library/Frameworks/UIKit.framework; sourceTree = SDKROOT; };
		6003F595195388D20070C39A /* ZYBaseUtils-Info.plist */ = {isa = PBXFileReference; lastKnownFileType = text.plist.xml; path = "ZYBaseUtils-Info.plist"; sourceTree = "<group>"; };
		6003F597195388D20070C39A /* en */ = {isa = PBXFileReference; lastKnownFileType = text.plist.strings; name = en; path = en.lproj/InfoPlist.strings; sourceTree = "<group>"; };
		6003F599195388D20070C39A /* main.m */ = {isa = PBXFileReference; lastKnownFileType = sourcecode.c.objc; path = main.m; sourceTree = "<group>"; };
		6003F59B195388D20070C39A /* ZYBaseUtils-Prefix.pch */ = {isa = PBXFileReference; lastKnownFileType = sourcecode.c.h; path = "ZYBaseUtils-Prefix.pch"; sourceTree = "<group>"; };
		6003F59C195388D20070C39A /* ZYAppDelegate.h */ = {isa = PBXFileReference; lastKnownFileType = sourcecode.c.h; path = ZYAppDelegate.h; sourceTree = "<group>"; };
		6003F59D195388D20070C39A /* ZYAppDelegate.m */ = {isa = PBXFileReference; lastKnownFileType = sourcecode.c.objc; path = ZYAppDelegate.m; sourceTree = "<group>"; };
		6003F5A5195388D20070C39A /* ZYViewController.h */ = {isa = PBXFileReference; lastKnownFileType = sourcecode.c.h; path = ZYViewController.h; sourceTree = "<group>"; };
		6003F5A6195388D20070C39A /* ZYViewController.m */ = {isa = PBXFileReference; lastKnownFileType = sourcecode.c.objc; path = ZYViewController.m; sourceTree = "<group>"; };
		6003F5A8195388D20070C39A /* Images.xcassets */ = {isa = PBXFileReference; lastKnownFileType = folder.assetcatalog; path = Images.xcassets; sourceTree = "<group>"; };
		6003F5AE195388D20070C39A /* ZYBaseUtils_Tests.xctest */ = {isa = PBXFileReference; explicitFileType = wrapper.cfbundle; includeInIndex = 0; path = ZYBaseUtils_Tests.xctest; sourceTree = BUILT_PRODUCTS_DIR; };
		6003F5AF195388D20070C39A /* XCTest.framework */ = {isa = PBXFileReference; lastKnownFileType = wrapper.framework; name = XCTest.framework; path = Library/Frameworks/XCTest.framework; sourceTree = DEVELOPER_DIR; };
		6003F5B7195388D20070C39A /* Tests-Info.plist */ = {isa = PBXFileReference; lastKnownFileType = text.plist.xml; path = "Tests-Info.plist"; sourceTree = "<group>"; };
		6003F5B9195388D20070C39A /* en */ = {isa = PBXFileReference; lastKnownFileType = text.plist.strings; name = en; path = en.lproj/InfoPlist.strings; sourceTree = "<group>"; };
		6003F5BB195388D20070C39A /* Tests.m */ = {isa = PBXFileReference; lastKnownFileType = sourcecode.c.objc; path = Tests.m; sourceTree = "<group>"; };
		606FC2411953D9B200FFA9A0 /* Tests-Prefix.pch */ = {isa = PBXFileReference; lastKnownFileType = sourcecode.c.h; path = "Tests-Prefix.pch"; sourceTree = "<group>"; };
		6532FAF25203CFBD681FBC82 /* LICENSE */ = {isa = PBXFileReference; includeInIndex = 1; lastKnownFileType = text; name = LICENSE; path = ../LICENSE; sourceTree = "<group>"; };
		71719F9E1E33DC2100824A3D /* Base */ = {isa = PBXFileReference; lastKnownFileType = file.storyboard; name = Base; path = Base.lproj/LaunchScreen.storyboard; sourceTree = "<group>"; };
		873B8AEA1B1F5CCA007FD442 /* Main.storyboard */ = {isa = PBXFileReference; fileEncoding = 4; lastKnownFileType = file.storyboard; name = Main.storyboard; path = Base.lproj/Main.storyboard; sourceTree = "<group>"; };
		8D4FCC2D72D833B53E632918 /* Pods-ZYBaseUtils_Tests.debug.xcconfig */ = {isa = PBXFileReference; includeInIndex = 1; lastKnownFileType = text.xcconfig; name = "Pods-ZYBaseUtils_Tests.debug.xcconfig"; path = "Target Support Files/Pods-ZYBaseUtils_Tests/Pods-ZYBaseUtils_Tests.debug.xcconfig"; sourceTree = "<group>"; };
		AE84A89674BAE61B4DBB876D /* Pods_ZYBaseUtils_Tests.framework */ = {isa = PBXFileReference; explicitFileType = wrapper.framework; includeInIndex = 0; path = Pods_ZYBaseUtils_Tests.framework; sourceTree = BUILT_PRODUCTS_DIR; };
		C9CE98D36658792E19CADABA /* README.md */ = {isa = PBXFileReference; includeInIndex = 1; lastKnownFileType = net.daringfireball.markdown; name = README.md; path = ../README.md; sourceTree = "<group>"; };
		F9C019AAAC42CE068CD29D96 /* Pods_ZYBaseUtils_Example.framework */ = {isa = PBXFileReference; explicitFileType = wrapper.framework; includeInIndex = 0; path = Pods_ZYBaseUtils_Example.framework; sourceTree = BUILT_PRODUCTS_DIR; };
/* End PBXFileReference section */

/* Begin PBXFrameworksBuildPhase section */
		6003F587195388D20070C39A /* Frameworks */ = {
			isa = PBXFrameworksBuildPhase;
			buildActionMask = 2147483647;
			files = (
				6003F590195388D20070C39A /* CoreGraphics.framework in Frameworks */,
				6003F592195388D20070C39A /* UIKit.framework in Frameworks */,
				6003F58E195388D20070C39A /* Foundation.framework in Frameworks */,
				EB533776F8029A821DEE8B1E /* Pods_ZYBaseUtils_Example.framework in Frameworks */,
			);
			runOnlyForDeploymentPostprocessing = 0;
		};
		6003F5AB195388D20070C39A /* Frameworks */ = {
			isa = PBXFrameworksBuildPhase;
			buildActionMask = 2147483647;
			files = (
				6003F5B0195388D20070C39A /* XCTest.framework in Frameworks */,
				6003F5B2195388D20070C39A /* UIKit.framework in Frameworks */,
				6003F5B1195388D20070C39A /* Foundation.framework in Frameworks */,
				C851D499BE24FF6652163F59 /* Pods_ZYBaseUtils_Tests.framework in Frameworks */,
			);
			runOnlyForDeploymentPostprocessing = 0;
		};
/* End PBXFrameworksBuildPhase section */

/* Begin PBXGroup section */
		5F8FE68C248A3DD400C07D5D /* BaseModule */ = {
			isa = PBXGroup;
			children = (
				5F8FE68D248A3DD400C07D5D /* Utils */,
				5F8FE6C1248A3DD400C07D5D /* BaseClass */,
			);
			path = BaseModule;
			sourceTree = "<group>";
		};
		5F8FE68D248A3DD400C07D5D /* Utils */ = {
			isa = PBXGroup;
			children = (
				5F8FE68E248A3DD400C07D5D /* DeviceTool */,
				5F8FE691248A3DD400C07D5D /* PermissionTool */,
				5F8FE697248A3DD400C07D5D /* LogTool */,
				5F8FE69A248A3DD400C07D5D /* KeyboardTool */,
				5F8FE6A1248A3DD400C07D5D /* Macro */,
				5F8FE6A7248A3DD400C07D5D /* PathTool */,
				5F8FE6AA248A3DD400C07D5D /* MutipleLanguageTool */,
				5F8FE6AD248A3DD400C07D5D /* FileTool */,
				5F8FE6B0248A3DD400C07D5D /* Categorys */,
			);
			path = Utils;
			sourceTree = "<group>";
		};
		5F8FE68E248A3DD400C07D5D /* DeviceTool */ = {
			isa = PBXGroup;
			children = (
				5F8FE68F248A3DD400C07D5D /* ZYDeviceTool.m */,
				5F8FE690248A3DD400C07D5D /* ZYDeviceTool.h */,
			);
			path = DeviceTool;
			sourceTree = "<group>";
		};
		5F8FE691248A3DD400C07D5D /* PermissionTool */ = {
			isa = PBXGroup;
			children = (
				5F8FE692248A3DD400C07D5D /* ZYPermissionTool.m */,
				5F8FE693248A3DD400C07D5D /* ZYPermissionSetting.m */,
				5F8FE694248A3DD400C07D5D /* ZYPremissionConstant.h */,
				5F8FE695248A3DD400C07D5D /* ZYPermissionTool.h */,
				5F8FE696248A3DD400C07D5D /* ZYPermissionSetting.h */,
			);
			path = PermissionTool;
			sourceTree = "<group>";
		};
		5F8FE697248A3DD400C07D5D /* LogTool */ = {
			isa = PBXGroup;
			children = (
				5F8FE698248A3DD400C07D5D /* ZYLogTool.h */,
				5F8FE699248A3DD400C07D5D /* ZYLogTool.m */,
			);
			path = LogTool;
			sourceTree = "<group>";
		};
		5F8FE69A248A3DD400C07D5D /* KeyboardTool */ = {
			isa = PBXGroup;
			children = (
				5F8FE69B248A3DD400C07D5D /* ZYPlaceHolderTextView.m */,
				5F8FE69C248A3DD400C07D5D /* ZYKeyboardTool.m */,
				5F8FE69D248A3DD400C07D5D /* ZYValidateTextView.m */,
				5F8FE69E248A3DD400C07D5D /* ZYKeyboardTool.h */,
				5F8FE69F248A3DD400C07D5D /* ZYPlaceHolderTextView.h */,
				5F8FE6A0248A3DD400C07D5D /* ZYValidateTextView.h */,
			);
			path = KeyboardTool;
			sourceTree = "<group>";
		};
		5F8FE6A1248A3DD400C07D5D /* Macro */ = {
			isa = PBXGroup;
			children = (
				5F8FE6A2248A3DD400C07D5D /* ZYColorDefine.h */,
				5F8FE6A3248A3DD400C07D5D /* ZYFontDefine.h */,
				5F8FE6A4248A3DD400C07D5D /* ZYDataDefine.h */,
				5F8FE6A5248A3DD400C07D5D /* ZYEnumDefine.h */,
				5F8FE6A6248A3DD400C07D5D /* ZYUIDefine.h */,
			);
			path = Macro;
			sourceTree = "<group>";
		};
		5F8FE6A7248A3DD400C07D5D /* PathTool */ = {
			isa = PBXGroup;
			children = (
				5F8FE6A8248A3DD400C07D5D /* ZYPathTool.m */,
				5F8FE6A9248A3DD400C07D5D /* ZYPathTool.h */,
			);
			path = PathTool;
			sourceTree = "<group>";
		};
		5F8FE6AA248A3DD400C07D5D /* MutipleLanguageTool */ = {
			isa = PBXGroup;
			children = (
				5F8FE6AB248A3DD400C07D5D /* ZYLanguageTool.h */,
				5F8FE6AC248A3DD400C07D5D /* ZYLanguageTool.m */,
			);
			path = MutipleLanguageTool;
			sourceTree = "<group>";
		};
		5F8FE6AD248A3DD400C07D5D /* FileTool */ = {
			isa = PBXGroup;
			children = (
				5F8FE6AE248A3DD400C07D5D /* ZYFileTool.m */,
				5F8FE6AF248A3DD400C07D5D /* ZYFileTool.h */,
			);
			path = FileTool;
			sourceTree = "<group>";
		};
		5F8FE6B0248A3DD400C07D5D /* Categorys */ = {
			isa = PBXGroup;
			children = (
				5F8FE6B1248A3DD400C07D5D /* NSObject+Additions.m */,
				5F8FE6B2248A3DD400C07D5D /* UIColor+ZYDarkColor.m */,
				5F8FE6B3248A3DD400C07D5D /* NSDictionary+Additions.m */,
				5F8FE6B4248A3DD400C07D5D /* UIView+Addition.m */,
				5F8FE6B5248A3DD400C07D5D /* UILabel+Copy.h */,
				5F8FE6B6248A3DD400C07D5D /* NSString+Addition.h */,
				5F8FE6B7248A3DD400C07D5D /* NSData+CommonCrypto.h */,
				5F8FE6B8248A3DD400C07D5D /* UITextView+WZB.m */,
				5F8FE6B9248A3DD400C07D5D /* NSDictionary+Additions.h */,
				5F8FE6BA248A3DD400C07D5D /* UIColor+ZYDarkColor.h */,
				5F8FE6BB248A3DD400C07D5D /* NSObject+Additions.h */,
				5F8FE6BC248A3DD400C07D5D /* UILabel+Copy.m */,
				5F8FE6BD248A3DD400C07D5D /* UIView+Addition.h */,
				5F8FE6BE248A3DD400C07D5D /* UITextView+WZB.h */,
				5F8FE6BF248A3DD400C07D5D /* NSData+CommonCrypto.m */,
				5F8FE6C0248A3DD400C07D5D /* NSString+Addition.m */,
			);
			path = Categorys;
			sourceTree = "<group>";
		};
		5F8FE6C1248A3DD400C07D5D /* BaseClass */ = {
			isa = PBXGroup;
			children = (
				5F8FE6C2248A3DD400C07D5D /* BaseView */,
				5F8FE6C5248A3DD400C07D5D /* BaseViewController */,
				5F8FE6C8248A3DD400C07D5D /* BaseModel */,
				5F8FE6D3248A3DD500C07D5D /* BasePresenter */,
			);
			path = BaseClass;
			sourceTree = "<group>";
		};
		5F8FE6C2248A3DD400C07D5D /* BaseView */ = {
			isa = PBXGroup;
			children = (
				5F8FE6C3248A3DD400C07D5D /* ZYBaseView.h */,
				5F8FE6C4248A3DD400C07D5D /* ZYBaseView.m */,
			);
			path = BaseView;
			sourceTree = "<group>";
		};
		5F8FE6C5248A3DD400C07D5D /* BaseViewController */ = {
			isa = PBXGroup;
			children = (
				5F8FE6C6248A3DD400C07D5D /* ZYBaseViewController.h */,
				5F8FE6C7248A3DD400C07D5D /* ZYBaseViewController.m */,
			);
			path = BaseViewController;
			sourceTree = "<group>";
		};
		5F8FE6C8248A3DD400C07D5D /* BaseModel */ = {
			isa = PBXGroup;
			children = (
				5F8FE6C9248A3DD400C07D5D /* ZYBaseModel.m */,
				5F8FE6CA248A3DD400C07D5D /* TestModel.h */,
				5F8FE6CB248A3DD400C07D5D /* YYModel */,
				5F8FE6D1248A3DD500C07D5D /* TestModel.m */,
				5F8FE6D2248A3DD500C07D5D /* ZYBaseModel.h */,
			);
			path = BaseModel;
			sourceTree = "<group>";
		};
		5F8FE6CB248A3DD400C07D5D /* YYModel */ = {
			isa = PBXGroup;
			children = (
				5F8FE6CC248A3DD500C07D5D /* YYClassInfo.h */,
				5F8FE6CD248A3DD500C07D5D /* YYModel.h */,
				5F8FE6CE248A3DD500C07D5D /* NSObject+YYModel.m */,
				5F8FE6CF248A3DD500C07D5D /* YYClassInfo.m */,
				5F8FE6D0248A3DD500C07D5D /* NSObject+YYModel.h */,
			);
			path = YYModel;
			sourceTree = "<group>";
		};
		5F8FE6D3248A3DD500C07D5D /* BasePresenter */ = {
			isa = PBXGroup;
			children = (
				5F8FE6D4248A3DD500C07D5D /* ZYBasePresenter.m */,
				5F8FE6D5248A3DD500C07D5D /* ZYBasePresenter.h */,
			);
			path = BasePresenter;
			sourceTree = "<group>";
		};
		6003F581195388D10070C39A = {
			isa = PBXGroup;
			children = (
				60FF7A9C1954A5C5007DD14C /* Podspec Metadata */,
				6003F593195388D20070C39A /* Example for ZYBaseUtils */,
				6003F5B5195388D20070C39A /* Tests */,
				6003F58C195388D20070C39A /* Frameworks */,
				6003F58B195388D20070C39A /* Products */,
				AED0D7CE3BF6C85C06042B17 /* Pods */,
			);
			sourceTree = "<group>";
		};
		6003F58B195388D20070C39A /* Products */ = {
			isa = PBXGroup;
			children = (
				6003F58A195388D20070C39A /* ZYBaseUtils_Example.app */,
				6003F5AE195388D20070C39A /* ZYBaseUtils_Tests.xctest */,
			);
			name = Products;
			sourceTree = "<group>";
		};
		6003F58C195388D20070C39A /* Frameworks */ = {
			isa = PBXGroup;
			children = (
				6003F58D195388D20070C39A /* Foundation.framework */,
				6003F58F195388D20070C39A /* CoreGraphics.framework */,
				6003F591195388D20070C39A /* UIKit.framework */,
				6003F5AF195388D20070C39A /* XCTest.framework */,
				F9C019AAAC42CE068CD29D96 /* Pods_ZYBaseUtils_Example.framework */,
				AE84A89674BAE61B4DBB876D /* Pods_ZYBaseUtils_Tests.framework */,
			);
			name = Frameworks;
			sourceTree = "<group>";
		};
		6003F593195388D20070C39A /* Example for ZYBaseUtils */ = {
			isa = PBXGroup;
			children = (
				5F8FE68A248A386200C07D5D /* DYTestModel.h */,
				5F8FE689248A386200C07D5D /* DYTestModel.m */,
				6003F59C195388D20070C39A /* ZYAppDelegate.h */,
				6003F59D195388D20070C39A /* ZYAppDelegate.m */,
				5F8FE68C248A3DD400C07D5D /* BaseModule */,
				873B8AEA1B1F5CCA007FD442 /* Main.storyboard */,
				6003F5A5195388D20070C39A /* ZYViewController.h */,
				6003F5A6195388D20070C39A /* ZYViewController.m */,
				71719F9D1E33DC2100824A3D /* LaunchScreen.storyboard */,
				6003F5A8195388D20070C39A /* Images.xcassets */,
				6003F594195388D20070C39A /* Supporting Files */,
			);
			name = "Example for ZYBaseUtils";
			path = ZYBaseUtils;
			sourceTree = "<group>";
		};
		6003F594195388D20070C39A /* Supporting Files */ = {
			isa = PBXGroup;
			children = (
				6003F595195388D20070C39A /* ZYBaseUtils-Info.plist */,
				6003F596195388D20070C39A /* InfoPlist.strings */,
				6003F599195388D20070C39A /* main.m */,
				6003F59B195388D20070C39A /* ZYBaseUtils-Prefix.pch */,
			);
			name = "Supporting Files";
			sourceTree = "<group>";
		};
		6003F5B5195388D20070C39A /* Tests */ = {
			isa = PBXGroup;
			children = (
				6003F5BB195388D20070C39A /* Tests.m */,
				6003F5B6195388D20070C39A /* Supporting Files */,
			);
			path = Tests;
			sourceTree = "<group>";
		};
		6003F5B6195388D20070C39A /* Supporting Files */ = {
			isa = PBXGroup;
			children = (
				6003F5B7195388D20070C39A /* Tests-Info.plist */,
				6003F5B8195388D20070C39A /* InfoPlist.strings */,
				606FC2411953D9B200FFA9A0 /* Tests-Prefix.pch */,
			);
			name = "Supporting Files";
			sourceTree = "<group>";
		};
		60FF7A9C1954A5C5007DD14C /* Podspec Metadata */ = {
			isa = PBXGroup;
			children = (
				57C93B8CAE9045EC51AC71ED /* ZYBaseUtils.podspec */,
				C9CE98D36658792E19CADABA /* README.md */,
				6532FAF25203CFBD681FBC82 /* LICENSE */,
			);
			name = "Podspec Metadata";
			sourceTree = "<group>";
		};
		AED0D7CE3BF6C85C06042B17 /* Pods */ = {
			isa = PBXGroup;
			children = (
				1CEBCAD3EB75252B9EDE5F2B /* Pods-ZYBaseUtils_Example.debug.xcconfig */,
				24FF6630D9011F0C0136CADC /* Pods-ZYBaseUtils_Example.release.xcconfig */,
				8D4FCC2D72D833B53E632918 /* Pods-ZYBaseUtils_Tests.debug.xcconfig */,
				430A2F7B47FE2F3638FADAA6 /* Pods-ZYBaseUtils_Tests.release.xcconfig */,
			);
			path = Pods;
			sourceTree = "<group>";
		};
/* End PBXGroup section */

/* Begin PBXNativeTarget section */
		6003F589195388D20070C39A /* ZYBaseUtils_Example */ = {
			isa = PBXNativeTarget;
			buildConfigurationList = 6003F5BF195388D20070C39A /* Build configuration list for PBXNativeTarget "ZYBaseUtils_Example" */;
			buildPhases = (
				DBAB347C1AE628F134E53591 /* [CP] Check Pods Manifest.lock */,
				6003F586195388D20070C39A /* Sources */,
				6003F587195388D20070C39A /* Frameworks */,
				6003F588195388D20070C39A /* Resources */,
				0369FD79A41DBAB3BE70C6BE /* [CP] Embed Pods Frameworks */,
			);
			buildRules = (
			);
			dependencies = (
			);
			name = ZYBaseUtils_Example;
			productName = ZYBaseUtils;
			productReference = 6003F58A195388D20070C39A /* ZYBaseUtils_Example.app */;
			productType = "com.apple.product-type.application";
		};
		6003F5AD195388D20070C39A /* ZYBaseUtils_Tests */ = {
			isa = PBXNativeTarget;
			buildConfigurationList = 6003F5C2195388D20070C39A /* Build configuration list for PBXNativeTarget "ZYBaseUtils_Tests" */;
			buildPhases = (
				9176981AD48B7EE3415D0910 /* [CP] Check Pods Manifest.lock */,
				6003F5AA195388D20070C39A /* Sources */,
				6003F5AB195388D20070C39A /* Frameworks */,
				6003F5AC195388D20070C39A /* Resources */,
			);
			buildRules = (
			);
			dependencies = (
				6003F5B4195388D20070C39A /* PBXTargetDependency */,
			);
			name = ZYBaseUtils_Tests;
			productName = ZYBaseUtilsTests;
			productReference = 6003F5AE195388D20070C39A /* ZYBaseUtils_Tests.xctest */;
			productType = "com.apple.product-type.bundle.unit-test";
		};
/* End PBXNativeTarget section */

/* Begin PBXProject section */
		6003F582195388D10070C39A /* Project object */ = {
			isa = PBXProject;
			attributes = {
				CLASSPREFIX = ZY;
				LastUpgradeCheck = 0720;
				ORGANIZATIONNAME = xufengbj;
				TargetAttributes = {
					6003F5AD195388D20070C39A = {
						TestTargetID = 6003F589195388D20070C39A;
					};
				};
			};
			buildConfigurationList = 6003F585195388D10070C39A /* Build configuration list for PBXProject "ZYBaseUtils" */;
			compatibilityVersion = "Xcode 3.2";
			developmentRegion = English;
			hasScannedForEncodings = 0;
			knownRegions = (
				English,
				en,
				Base,
			);
			mainGroup = 6003F581195388D10070C39A;
			productRefGroup = 6003F58B195388D20070C39A /* Products */;
			projectDirPath = "";
			projectRoot = "";
			targets = (
				6003F589195388D20070C39A /* ZYBaseUtils_Example */,
				6003F5AD195388D20070C39A /* ZYBaseUtils_Tests */,
			);
		};
/* End PBXProject section */

/* Begin PBXResourcesBuildPhase section */
		6003F588195388D20070C39A /* Resources */ = {
			isa = PBXResourcesBuildPhase;
			buildActionMask = 2147483647;
			files = (
				873B8AEB1B1F5CCA007FD442 /* Main.storyboard in Resources */,
				71719F9F1E33DC2100824A3D /* LaunchScreen.storyboard in Resources */,
				6003F5A9195388D20070C39A /* Images.xcassets in Resources */,
				6003F598195388D20070C39A /* InfoPlist.strings in Resources */,
			);
			runOnlyForDeploymentPostprocessing = 0;
		};
		6003F5AC195388D20070C39A /* Resources */ = {
			isa = PBXResourcesBuildPhase;
			buildActionMask = 2147483647;
			files = (
				6003F5BA195388D20070C39A /* InfoPlist.strings in Resources */,
			);
			runOnlyForDeploymentPostprocessing = 0;
		};
/* End PBXResourcesBuildPhase section */

/* Begin PBXShellScriptBuildPhase section */
		0369FD79A41DBAB3BE70C6BE /* [CP] Embed Pods Frameworks */ = {
			isa = PBXShellScriptBuildPhase;
			buildActionMask = 2147483647;
			files = (
			);
			inputPaths = (
				"${PODS_ROOT}/Target Support Files/Pods-ZYBaseUtils_Example/Pods-ZYBaseUtils_Example-frameworks.sh",
				"${BUILT_PRODUCTS_DIR}/ZYBaseUtils/ZYBaseUtils.framework",
			);
			name = "[CP] Embed Pods Frameworks";
			outputPaths = (
				"${TARGET_BUILD_DIR}/${FRAMEWORKS_FOLDER_PATH}/ZYBaseUtils.framework",
			);
			runOnlyForDeploymentPostprocessing = 0;
			shellPath = /bin/sh;
			shellScript = "\"${PODS_ROOT}/Target Support Files/Pods-ZYBaseUtils_Example/Pods-ZYBaseUtils_Example-frameworks.sh\"\n";
			showEnvVarsInLog = 0;
		};
		9176981AD48B7EE3415D0910 /* [CP] Check Pods Manifest.lock */ = {
			isa = PBXShellScriptBuildPhase;
			buildActionMask = 2147483647;
			files = (
			);
			inputFileListPaths = (
			);
			inputPaths = (
				"${PODS_PODFILE_DIR_PATH}/Podfile.lock",
				"${PODS_ROOT}/Manifest.lock",
			);
			name = "[CP] Check Pods Manifest.lock";
			outputFileListPaths = (
			);
			outputPaths = (
				"$(DERIVED_FILE_DIR)/Pods-ZYBaseUtils_Tests-checkManifestLockResult.txt",
			);
			runOnlyForDeploymentPostprocessing = 0;
			shellPath = /bin/sh;
			shellScript = "diff \"${PODS_PODFILE_DIR_PATH}/Podfile.lock\" \"${PODS_ROOT}/Manifest.lock\" > /dev/null\nif [ $? != 0 ] ; then\n    # print error to STDERR\n    echo \"error: The sandbox is not in sync with the Podfile.lock. Run 'pod install' or update your CocoaPods installation.\" >&2\n    exit 1\nfi\n# This output is used by Xcode 'outputs' to avoid re-running this script phase.\necho \"SUCCESS\" > \"${SCRIPT_OUTPUT_FILE_0}\"\n";
			showEnvVarsInLog = 0;
		};
		DBAB347C1AE628F134E53591 /* [CP] Check Pods Manifest.lock */ = {
			isa = PBXShellScriptBuildPhase;
			buildActionMask = 2147483647;
			files = (
			);
			inputFileListPaths = (
			);
			inputPaths = (
				"${PODS_PODFILE_DIR_PATH}/Podfile.lock",
				"${PODS_ROOT}/Manifest.lock",
			);
			name = "[CP] Check Pods Manifest.lock";
			outputFileListPaths = (
			);
			outputPaths = (
				"$(DERIVED_FILE_DIR)/Pods-ZYBaseUtils_Example-checkManifestLockResult.txt",
			);
			runOnlyForDeploymentPostprocessing = 0;
			shellPath = /bin/sh;
			shellScript = "diff \"${PODS_PODFILE_DIR_PATH}/Podfile.lock\" \"${PODS_ROOT}/Manifest.lock\" > /dev/null\nif [ $? != 0 ] ; then\n    # print error to STDERR\n    echo \"error: The sandbox is not in sync with the Podfile.lock. Run 'pod install' or update your CocoaPods installation.\" >&2\n    exit 1\nfi\n# This output is used by Xcode 'outputs' to avoid re-running this script phase.\necho \"SUCCESS\" > \"${SCRIPT_OUTPUT_FILE_0}\"\n";
			showEnvVarsInLog = 0;
		};
/* End PBXShellScriptBuildPhase section */

/* Begin PBXSourcesBuildPhase section */
		6003F586195388D20070C39A /* Sources */ = {
			isa = PBXSourcesBuildPhase;
			buildActionMask = 2147483647;
			files = (
				5F8FE6EA248A3DD500C07D5D /* ZYBaseModel.m in Sources */,
				5F8FE6E0248A3DD500C07D5D /* NSObject+Additions.m in Sources */,
				6003F59E195388D20070C39A /* ZYAppDelegate.m in Sources */,
				5F8FE6EE248A3DD500C07D5D /* ZYBasePresenter.m in Sources */,
				5F8FE6DD248A3DD500C07D5D /* ZYPathTool.m in Sources */,
				5F8FE6DA248A3DD500C07D5D /* ZYPlaceHolderTextView.m in Sources */,
				5F8FE6D9248A3DD500C07D5D /* ZYLogTool.m in Sources */,
				5F8FE6DF248A3DD500C07D5D /* ZYFileTool.m in Sources */,
				5F8FE6E9248A3DD500C07D5D /* ZYBaseViewController.m in Sources */,
				5F8FE6DB248A3DD500C07D5D /* ZYKeyboardTool.m in Sources */,
				5F8FE6DE248A3DD500C07D5D /* ZYLanguageTool.m in Sources */,
				6003F5A7195388D20070C39A /* ZYViewController.m in Sources */,
				5F8FE6E4248A3DD500C07D5D /* UITextView+WZB.m in Sources */,
				5F8FE6E8248A3DD500C07D5D /* ZYBaseView.m in Sources */,
				5F8FE6EB248A3DD500C07D5D /* NSObject+YYModel.m in Sources */,
				5F8FE6D6248A3DD500C07D5D /* ZYDeviceTool.m in Sources */,
				5F8FE68B248A386200C07D5D /* DYTestModel.m in Sources */,
				5F8FE6E2248A3DD500C07D5D /* NSDictionary+Additions.m in Sources */,
				6003F59A195388D20070C39A /* main.m in Sources */,
				5F8FE6E1248A3DD500C07D5D /* UIColor+ZYDarkColor.m in Sources */,
				5F8FE6ED248A3DD500C07D5D /* TestModel.m in Sources */,
				5F8FE6E3248A3DD500C07D5D /* UIView+Addition.m in Sources */,
				5F8FE6D8248A3DD500C07D5D /* ZYPermissionSetting.m in Sources */,
				5F8FE6E5248A3DD500C07D5D /* UILabel+Copy.m in Sources */,
				5F8FE6D7248A3DD500C07D5D /* ZYPermissionTool.m in Sources */,
				5F8FE6DC248A3DD500C07D5D /* ZYValidateTextView.m in Sources */,
				5F8FE6E6248A3DD500C07D5D /* NSData+CommonCrypto.m in Sources */,
				5F8FE6EC248A3DD500C07D5D /* YYClassInfo.m in Sources */,
				5F8FE6E7248A3DD500C07D5D /* NSString+Addition.m in Sources */,
			);
			runOnlyForDeploymentPostprocessing = 0;
		};
		6003F5AA195388D20070C39A /* Sources */ = {
			isa = PBXSourcesBuildPhase;
			buildActionMask = 2147483647;
			files = (
				6003F5BC195388D20070C39A /* Tests.m in Sources */,
			);
			runOnlyForDeploymentPostprocessing = 0;
		};
/* End PBXSourcesBuildPhase section */

/* Begin PBXTargetDependency section */
		6003F5B4195388D20070C39A /* PBXTargetDependency */ = {
			isa = PBXTargetDependency;
			target = 6003F589195388D20070C39A /* ZYBaseUtils_Example */;
			targetProxy = 6003F5B3195388D20070C39A /* PBXContainerItemProxy */;
		};
/* End PBXTargetDependency section */

/* Begin PBXVariantGroup section */
		6003F596195388D20070C39A /* InfoPlist.strings */ = {
			isa = PBXVariantGroup;
			children = (
				6003F597195388D20070C39A /* en */,
			);
			name = InfoPlist.strings;
			sourceTree = "<group>";
		};
		6003F5B8195388D20070C39A /* InfoPlist.strings */ = {
			isa = PBXVariantGroup;
			children = (
				6003F5B9195388D20070C39A /* en */,
			);
			name = InfoPlist.strings;
			sourceTree = "<group>";
		};
		71719F9D1E33DC2100824A3D /* LaunchScreen.storyboard */ = {
			isa = PBXVariantGroup;
			children = (
				71719F9E1E33DC2100824A3D /* Base */,
			);
			name = LaunchScreen.storyboard;
			sourceTree = "<group>";
		};
/* End PBXVariantGroup section */

/* Begin XCBuildConfiguration section */
		6003F5BD195388D20070C39A /* Debug */ = {
			isa = XCBuildConfiguration;
			buildSettings = {
				ALWAYS_SEARCH_USER_PATHS = NO;
				CLANG_CXX_LANGUAGE_STANDARD = "gnu++0x";
				CLANG_CXX_LIBRARY = "libc++";
				CLANG_ENABLE_MODULES = YES;
				CLANG_ENABLE_OBJC_ARC = YES;
				CLANG_WARN_BOOL_CONVERSION = YES;
				CLANG_WARN_CONSTANT_CONVERSION = YES;
				CLANG_WARN_DIRECT_OBJC_ISA_USAGE = YES_ERROR;
				CLANG_WARN_EMPTY_BODY = YES;
				CLANG_WARN_ENUM_CONVERSION = YES;
				CLANG_WARN_INT_CONVERSION = YES;
				CLANG_WARN_OBJC_ROOT_CLASS = YES_ERROR;
				CLANG_WARN__DUPLICATE_METHOD_MATCH = YES;
				"CODE_SIGN_IDENTITY[sdk=iphoneos*]" = "iPhone Developer";
				COPY_PHASE_STRIP = NO;
				ENABLE_TESTABILITY = YES;
				GCC_C_LANGUAGE_STANDARD = gnu99;
				GCC_DYNAMIC_NO_PIC = NO;
				GCC_OPTIMIZATION_LEVEL = 0;
				GCC_PREPROCESSOR_DEFINITIONS = (
					"DEBUG=1",
					"$(inherited)",
				);
				GCC_SYMBOLS_PRIVATE_EXTERN = NO;
				GCC_WARN_64_TO_32_BIT_CONVERSION = YES;
				GCC_WARN_ABOUT_RETURN_TYPE = YES_ERROR;
				GCC_WARN_UNDECLARED_SELECTOR = YES;
				GCC_WARN_UNINITIALIZED_AUTOS = YES_AGGRESSIVE;
				GCC_WARN_UNUSED_FUNCTION = YES;
				GCC_WARN_UNUSED_VARIABLE = YES;
				IPHONEOS_DEPLOYMENT_TARGET = 9.3;
				ONLY_ACTIVE_ARCH = YES;
				SDKROOT = iphoneos;
				TARGETED_DEVICE_FAMILY = "1,2";
			};
			name = Debug;
		};
		6003F5BE195388D20070C39A /* Release */ = {
			isa = XCBuildConfiguration;
			buildSettings = {
				ALWAYS_SEARCH_USER_PATHS = NO;
				CLANG_CXX_LANGUAGE_STANDARD = "gnu++0x";
				CLANG_CXX_LIBRARY = "libc++";
				CLANG_ENABLE_MODULES = YES;
				CLANG_ENABLE_OBJC_ARC = YES;
				CLANG_WARN_BOOL_CONVERSION = YES;
				CLANG_WARN_CONSTANT_CONVERSION = YES;
				CLANG_WARN_DIRECT_OBJC_ISA_USAGE = YES_ERROR;
				CLANG_WARN_EMPTY_BODY = YES;
				CLANG_WARN_ENUM_CONVERSION = YES;
				CLANG_WARN_INT_CONVERSION = YES;
				CLANG_WARN_OBJC_ROOT_CLASS = YES_ERROR;
				CLANG_WARN__DUPLICATE_METHOD_MATCH = YES;
				"CODE_SIGN_IDENTITY[sdk=iphoneos*]" = "iPhone Developer";
				COPY_PHASE_STRIP = YES;
				ENABLE_NS_ASSERTIONS = NO;
				GCC_C_LANGUAGE_STANDARD = gnu99;
				GCC_WARN_64_TO_32_BIT_CONVERSION = YES;
				GCC_WARN_ABOUT_RETURN_TYPE = YES_ERROR;
				GCC_WARN_UNDECLARED_SELECTOR = YES;
				GCC_WARN_UNINITIALIZED_AUTOS = YES_AGGRESSIVE;
				GCC_WARN_UNUSED_FUNCTION = YES;
				GCC_WARN_UNUSED_VARIABLE = YES;
				IPHONEOS_DEPLOYMENT_TARGET = 9.3;
				SDKROOT = iphoneos;
				TARGETED_DEVICE_FAMILY = "1,2";
				VALIDATE_PRODUCT = YES;
			};
			name = Release;
		};
		6003F5C0195388D20070C39A /* Debug */ = {
			isa = XCBuildConfiguration;
			baseConfigurationReference = 1CEBCAD3EB75252B9EDE5F2B /* Pods-ZYBaseUtils_Example.debug.xcconfig */;
			buildSettings = {
				ASSETCATALOG_COMPILER_APPICON_NAME = AppIcon;
				GCC_PRECOMPILE_PREFIX_HEADER = YES;
				GCC_PREFIX_HEADER = "ZYBaseUtils/ZYBaseUtils-Prefix.pch";
				INFOPLIST_FILE = "ZYBaseUtils/ZYBaseUtils-Info.plist";
				MODULE_NAME = ExampleApp;
				PRODUCT_BUNDLE_IDENTIFIER = "org.cocoapods.demo.${PRODUCT_NAME:rfc1034identifier}";
				PRODUCT_NAME = "$(TARGET_NAME)";
				SWIFT_VERSION = 4.0;
				WRAPPER_EXTENSION = app;
			};
			name = Debug;
		};
		6003F5C1195388D20070C39A /* Release */ = {
			isa = XCBuildConfiguration;
			baseConfigurationReference = 24FF6630D9011F0C0136CADC /* Pods-ZYBaseUtils_Example.release.xcconfig */;
			buildSettings = {
				ASSETCATALOG_COMPILER_APPICON_NAME = AppIcon;
				GCC_PRECOMPILE_PREFIX_HEADER = YES;
				GCC_PREFIX_HEADER = "ZYBaseUtils/ZYBaseUtils-Prefix.pch";
				INFOPLIST_FILE = "ZYBaseUtils/ZYBaseUtils-Info.plist";
				MODULE_NAME = ExampleApp;
				PRODUCT_BUNDLE_IDENTIFIER = "org.cocoapods.demo.${PRODUCT_NAME:rfc1034identifier}";
				PRODUCT_NAME = "$(TARGET_NAME)";
				SWIFT_VERSION = 4.0;
				WRAPPER_EXTENSION = app;
			};
			name = Release;
		};
		6003F5C3195388D20070C39A /* Debug */ = {
			isa = XCBuildConfiguration;
			baseConfigurationReference = 8D4FCC2D72D833B53E632918 /* Pods-ZYBaseUtils_Tests.debug.xcconfig */;
			buildSettings = {
				BUNDLE_LOADER = "$(TEST_HOST)";
				FRAMEWORK_SEARCH_PATHS = (
					"$(PLATFORM_DIR)/Developer/Library/Frameworks",
					"$(inherited)",
					"$(DEVELOPER_FRAMEWORKS_DIR)",
				);
				GCC_PRECOMPILE_PREFIX_HEADER = YES;
				GCC_PREFIX_HEADER = "Tests/Tests-Prefix.pch";
				GCC_PREPROCESSOR_DEFINITIONS = (
					"DEBUG=1",
					"$(inherited)",
				);
				INFOPLIST_FILE = "Tests/Tests-Info.plist";
				PRODUCT_BUNDLE_IDENTIFIER = "org.cocoapods.demo.${PRODUCT_NAME:rfc1034identifier}";
				PRODUCT_NAME = "$(TARGET_NAME)";
				SWIFT_VERSION = 4.0;
				TEST_HOST = "$(BUILT_PRODUCTS_DIR)/ZYBaseUtils_Example.app/ZYBaseUtils_Example";
				WRAPPER_EXTENSION = xctest;
			};
			name = Debug;
		};
		6003F5C4195388D20070C39A /* Release */ = {
			isa = XCBuildConfiguration;
			baseConfigurationReference = 430A2F7B47FE2F3638FADAA6 /* Pods-ZYBaseUtils_Tests.release.xcconfig */;
			buildSettings = {
				BUNDLE_LOADER = "$(TEST_HOST)";
				FRAMEWORK_SEARCH_PATHS = (
					"$(PLATFORM_DIR)/Developer/Library/Frameworks",
					"$(inherited)",
					"$(DEVELOPER_FRAMEWORKS_DIR)",
				);
				GCC_PRECOMPILE_PREFIX_HEADER = YES;
				GCC_PREFIX_HEADER = "Tests/Tests-Prefix.pch";
				INFOPLIST_FILE = "Tests/Tests-Info.plist";
				PRODUCT_BUNDLE_IDENTIFIER = "org.cocoapods.demo.${PRODUCT_NAME:rfc1034identifier}";
				PRODUCT_NAME = "$(TARGET_NAME)";
				SWIFT_VERSION = 4.0;
				TEST_HOST = "$(BUILT_PRODUCTS_DIR)/ZYBaseUtils_Example.app/ZYBaseUtils_Example";
				WRAPPER_EXTENSION = xctest;
			};
			name = Release;
		};
/* End XCBuildConfiguration section */

/* Begin XCConfigurationList section */
		6003F585195388D10070C39A /* Build configuration list for PBXProject "ZYBaseUtils" */ = {
			isa = XCConfigurationList;
			buildConfigurations = (
				6003F5BD195388D20070C39A /* Debug */,
				6003F5BE195388D20070C39A /* Release */,
			);
			defaultConfigurationIsVisible = 0;
			defaultConfigurationName = Release;
		};
		6003F5BF195388D20070C39A /* Build configuration list for PBXNativeTarget "ZYBaseUtils_Example" */ = {
			isa = XCConfigurationList;
			buildConfigurations = (
				6003F5C0195388D20070C39A /* Debug */,
				6003F5C1195388D20070C39A /* Release */,
			);
			defaultConfigurationIsVisible = 0;
			defaultConfigurationName = Release;
		};
		6003F5C2195388D20070C39A /* Build configuration list for PBXNativeTarget "ZYBaseUtils_Tests" */ = {
			isa = XCConfigurationList;
			buildConfigurations = (
				6003F5C3195388D20070C39A /* Debug */,
				6003F5C4195388D20070C39A /* Release */,
			);
			defaultConfigurationIsVisible = 0;
			defaultConfigurationName = Release;
		};
/* End XCConfigurationList section */
	};
	rootObject = 6003F582195388D10070C39A /* Project object */;
}
